
Microsoft Visual Studio Solution File, Format Version 12.00
# Visual Studio Version 16
VisualStudioVersion = 16.0.28803.452
MinimumVisualStudioVersion = 10.0.40219.1
Project("{FAE04EC0-301F-11D3-BF4B-00C04F79EFBC}") = "NsBlog.Data", "NsBlog.Data\NsBlog.Data.csproj", "{E9FE376A-8D68-4BD0-88E2-1B593CD80BB3}"
EndProject
Project("{FAE04EC0-301F-11D3-BF4B-00C04F79EFBC}") = "NsBlog.Web.UI", "NsBlog.Web.UI\NsBlog.Web.UI.csproj", "{C51C9016-DC89-4F21-8EA5-13821DFC3ABD}"
EndProject
Global
	GlobalSection(SolutionConfigurationPlatforms) = preSolution
		Debug|Any CPU = Debug|Any CPU
		Release|Any CPU = Release|Any CPU
	EndGlobalSection
	GlobalSection(ProjectConfigurationPlatforms) = postSolution
		{E9FE376A-8D68-4BD0-88E2-1B593CD80BB3}.Debug|Any CPU.ActiveCfg = Debug|Any CPU
		{E9FE376A-8D68-4BD0-88E2-1B593CD80BB3}.Debug|Any CPU.Build.0 = Debug|Any CPU
		{E9FE376A-8D68-4BD0-88E2-1B593CD80BB3}.Release|Any CPU.ActiveCfg = Release|Any CPU
		{E9FE376A-8D68-4BD0-88E2-1B593CD80BB3}.Release|Any CPU.Build.0 = Release|Any CPU
		{C51C9016-DC89-4F21-8EA5-13821DFC3ABD}.Debug|Any CPU.ActiveCfg = Debug|Any CPU
		{C51C9016-DC89-4F21-8EA5-13821DFC3ABD}.Debug|Any CPU.Build.0 = Debug|Any CPU
		{C51C9016-DC89-4F21-8EA5-13821DFC3ABD}.Release|Any CPU.ActiveCfg = Release|Any CPU
		{C51C9016-DC89-4F21-8EA5-13821DFC3ABD}.Release|Any CPU.Build.0 = Release|Any CPU
	EndGlobalSection
	GlobalSection(SolutionProperties) = preSolution
		HideSolutionNode = FALSE
	EndGlobalSection
	GlobalSection(ExtensibilityGlobals) = postSolution
		SolutionGuid = {1BFE6052-C5F8-4659-8DD1-405CC15E990E}
	EndGlobalSection
EndGlobal
